// !$*UTF8*$!
{
	archiveVersion = 1;
	classes = {
	};
	objectVersion = 48;
	objects = {

/* Begin PBXBuildFile section */
		FF32A5422040E5D800F2F8C3 /* AppDelegate.swift in Sources */ = {isa = PBXBuildFile; fileRef = FF32A5412040E5D800F2F8C3 /* AppDelegate.swift */; };
		FF32A5442040E5D800F2F8C3 /* ViewController.swift in Sources */ = {isa = PBXBuildFile; fileRef = FF32A5432040E5D800F2F8C3 /* ViewController.swift */; };
		FF32A5472040E5D800F2F8C3 /* Main.storyboard in Resources */ = {isa = PBXBuildFile; fileRef = FF32A5452040E5D800F2F8C3 /* Main.storyboard */; };
		FF32A5492040E5D800F2F8C3 /* Assets.xcassets in Resources */ = {isa = PBXBuildFile; fileRef = FF32A5482040E5D800F2F8C3 /* Assets.xcassets */; };
		FF32A54C2040E5D800F2F8C3 /* LaunchScreen.storyboard in Resources */ = {isa = PBXBuildFile; fileRef = FF32A54A2040E5D800F2F8C3 /* LaunchScreen.storyboard */; };
		FF32A5672040EEBF00F2F8C3 /* road17.png in Resources */ = {isa = PBXBuildFile; fileRef = FF32A5532040EEBD00F2F8C3 /* road17.png */; };
		FF32A5682040EEBF00F2F8C3 /* road4.png in Resources */ = {isa = PBXBuildFile; fileRef = FF32A5542040EEBD00F2F8C3 /* road4.png */; };
		FF32A5692040EEBF00F2F8C3 /* road15.png in Resources */ = {isa = PBXBuildFile; fileRef = FF32A5552040EEBD00F2F8C3 /* road15.png */; };
		FF32A56A2040EEBF00F2F8C3 /* road18.png in Resources */ = {isa = PBXBuildFile; fileRef = FF32A5562040EEBD00F2F8C3 /* road18.png */; };
		FF32A56B2040EEBF00F2F8C3 /* road9.png in Resources */ = {isa = PBXBuildFile; fileRef = FF32A5572040EEBD00F2F8C3 /* road9.png */; };
		FF32A56C2040EEBF00F2F8C3 /* road6.png in Resources */ = {isa = PBXBuildFile; fileRef = FF32A5582040EEBD00F2F8C3 /* road6.png */; };
		FF32A56D2040EEBF00F2F8C3 /* road3.png in Resources */ = {isa = PBXBuildFile; fileRef = FF32A5592040EEBD00F2F8C3 /* road3.png */; };
		FF32A56E2040EEBF00F2F8C3 /* road7.png in Resources */ = {isa = PBXBuildFile; fileRef = FF32A55A2040EEBD00F2F8C3 /* road7.png */; };
		FF32A56F2040EEBF00F2F8C3 /* road10.png in Resources */ = {isa = PBXBuildFile; fileRef = FF32A55B2040EEBE00F2F8C3 /* road10.png */; };
		FF32A5702040EEBF00F2F8C3 /* road19.png in Resources */ = {isa = PBXBuildFile; fileRef = FF32A55C2040EEBE00F2F8C3 /* road19.png */; };
		FF32A5712040EEBF00F2F8C3 /* road20.png in Resources */ = {isa = PBXBuildFile; fileRef = FF32A55D2040EEBE00F2F8C3 /* road20.png */; };
		FF32A5722040EEBF00F2F8C3 /* road14.png in Resources */ = {isa = PBXBuildFile; fileRef = FF32A55E2040EEBE00F2F8C3 /* road14.png */; };
		FF32A5732040EEBF00F2F8C3 /* road5.png in Resources */ = {isa = PBXBuildFile; fileRef = FF32A55F2040EEBE00F2F8C3 /* road5.png */; };
		FF32A5742040EEBF00F2F8C3 /* road1.png in Resources */ = {isa = PBXBuildFile; fileRef = FF32A5602040EEBE00F2F8C3 /* road1.png */; };
		FF32A5752040EEBF00F2F8C3 /* road2.png in Resources */ = {isa = PBXBuildFile; fileRef = FF32A5612040EEBE00F2F8C3 /* road2.png */; };
		FF32A5762040EEBF00F2F8C3 /* road8.png in Resources */ = {isa = PBXBuildFile; fileRef = FF32A5622040EEBE00F2F8C3 /* road8.png */; };
		FF32A5772040EEBF00F2F8C3 /* road11.png in Resources */ = {isa = PBXBuildFile; fileRef = FF32A5632040EEBF00F2F8C3 /* road11.png */; };
		FF32A5782040EEBF00F2F8C3 /* road13.png in Resources */ = {isa = PBXBuildFile; fileRef = FF32A5642040EEBF00F2F8C3 /* road13.png */; };
		FF32A5792040EEBF00F2F8C3 /* road12.png in Resources */ = {isa = PBXBuildFile; fileRef = FF32A5652040EEBF00F2F8C3 /* road12.png */; };
		FF32A57A2040EEBF00F2F8C3 /* road16.png in Resources */ = {isa = PBXBuildFile; fileRef = FF32A5662040EEBF00F2F8C3 /* road16.png */; };
		FF32A57E2041A4B100F2F8C3 /* DraggedCarView.swift in Sources */ = {isa = PBXBuildFile; fileRef = FF32A57D2041A4B100F2F8C3 /* DraggedCarView.swift */; };
		FF32A5802041A8D300F2F8C3 /* car0.png in Resources */ = {isa = PBXBuildFile; fileRef = FF32A57F2041A8D300F2F8C3 /* car0.png */; };
		FF32A58720422F7A00F2F8C3 /* car4.png in Resources */ = {isa = PBXBuildFile; fileRef = FF32A58120422F7900F2F8C3 /* car4.png */; };
		FF32A58820422F7A00F2F8C3 /* car6.png in Resources */ = {isa = PBXBuildFile; fileRef = FF32A58220422F7900F2F8C3 /* car6.png */; };
		FF32A58920422F7A00F2F8C3 /* car1.png in Resources */ = {isa = PBXBuildFile; fileRef = FF32A58320422F7A00F2F8C3 /* car1.png */; };
		FF32A58A20422F7A00F2F8C3 /* car3.png in Resources */ = {isa = PBXBuildFile; fileRef = FF32A58420422F7A00F2F8C3 /* car3.png */; };
		FF32A58B20422F7A00F2F8C3 /* car5.png in Resources */ = {isa = PBXBuildFile; fileRef = FF32A58520422F7A00F2F8C3 /* car5.png */; };
		FF32A58C20422F7A00F2F8C3 /* car2.png in Resources */ = {isa = PBXBuildFile; fileRef = FF32A58620422F7A00F2F8C3 /* car2.png */; };
		FFA78A94204DD2280049ECC2 /* game_over.jpg in Resources */ = {isa = PBXBuildFile; fileRef = FFA78A93204DD2280049ECC2 /* game_over.jpg */; };
/* End PBXBuildFile section */

/* Begin PBXFileReference section */
		FF32A53E2040E5D800F2F8C3 /* CarGame.app */ = {isa = PBXFileReference; explicitFileType = wrapper.application; includeInIndex = 0; path = CarGame.app; sourceTree = BUILT_PRODUCTS_DIR; };
		FF32A5412040E5D800F2F8C3 /* AppDelegate.swift */ = {isa = PBXFileReference; lastKnownFileType = sourcecode.swift; path = AppDelegate.swift; sourceTree = "<group>"; };
		FF32A5432040E5D800F2F8C3 /* ViewController.swift */ = {isa = PBXFileReference; lastKnownFileType = sourcecode.swift; path = ViewController.swift; sourceTree = "<group>"; };
		FF32A5462040E5D800F2F8C3 /* Base */ = {isa = PBXFileReference; lastKnownFileType = file.storyboard; name = Base; path = Base.lproj/Main.storyboard; sourceTree = "<group>"; };
		FF32A5482040E5D800F2F8C3 /* Assets.xcassets */ = {isa = PBXFileReference; lastKnownFileType = folder.assetcatalog; path = Assets.xcassets; sourceTree = "<group>"; };
		FF32A54B2040E5D800F2F8C3 /* Base */ = {isa = PBXFileReference; lastKnownFileType = file.storyboard; name = Base; path = Base.lproj/LaunchScreen.storyboard; sourceTree = "<group>"; };
		FF32A54D2040E5D800F2F8C3 /* Info.plist */ = {isa = PBXFileReference; lastKnownFileType = text.plist.xml; path = Info.plist; sourceTree = "<group>"; };
		FF32A5532040EEBD00F2F8C3 /* road17.png */ = {isa = PBXFileReference; lastKnownFileType = image.png; name = road17.png; path = CarGame/Road/road17.png; sourceTree = SOURCE_ROOT; };
		FF32A5542040EEBD00F2F8C3 /* road4.png */ = {isa = PBXFileReference; lastKnownFileType = image.png; name = road4.png; path = CarGame/Road/road4.png; sourceTree = SOURCE_ROOT; };
		FF32A5552040EEBD00F2F8C3 /* road15.png */ = {isa = PBXFileReference; lastKnownFileType = image.png; name = road15.png; path = CarGame/Road/road15.png; sourceTree = SOURCE_ROOT; };
		FF32A5562040EEBD00F2F8C3 /* road18.png */ = {isa = PBXFileReference; lastKnownFileType = image.png; name = road18.png; path = CarGame/Road/road18.png; sourceTree = SOURCE_ROOT; };
		FF32A5572040EEBD00F2F8C3 /* road9.png */ = {isa = PBXFileReference; lastKnownFileType = image.png; name = road9.png; path = CarGame/Road/road9.png; sourceTree = SOURCE_ROOT; };
		FF32A5582040EEBD00F2F8C3 /* road6.png */ = {isa = PBXFileReference; lastKnownFileType = image.png; name = road6.png; path = CarGame/Road/road6.png; sourceTree = SOURCE_ROOT; };
		FF32A5592040EEBD00F2F8C3 /* road3.png */ = {isa = PBXFileReference; lastKnownFileType = image.png; name = road3.png; path = CarGame/Road/road3.png; sourceTree = SOURCE_ROOT; };
		FF32A55A2040EEBD00F2F8C3 /* road7.png */ = {isa = PBXFileReference; lastKnownFileType = image.png; name = road7.png; path = CarGame/Road/road7.png; sourceTree = SOURCE_ROOT; };
		FF32A55B2040EEBE00F2F8C3 /* road10.png */ = {isa = PBXFileReference; lastKnownFileType = image.png; name = road10.png; path = CarGame/Road/road10.png; sourceTree = SOURCE_ROOT; };
		FF32A55C2040EEBE00F2F8C3 /* road19.png */ = {isa = PBXFileReference; lastKnownFileType = image.png; name = road19.png; path = CarGame/Road/road19.png; sourceTree = SOURCE_ROOT; };
		FF32A55D2040EEBE00F2F8C3 /* road20.png */ = {isa = PBXFileReference; lastKnownFileType = image.png; name = road20.png; path = CarGame/Road/road20.png; sourceTree = SOURCE_ROOT; };
		FF32A55E2040EEBE00F2F8C3 /* road14.png */ = {isa = PBXFileReference; lastKnownFileType = image.png; name = road14.png; path = CarGame/Road/road14.png; sourceTree = SOURCE_ROOT; };
		FF32A55F2040EEBE00F2F8C3 /* road5.png */ = {isa = PBXFileReference; lastKnownFileType = image.png; name = road5.png; path = CarGame/Road/road5.png; sourceTree = SOURCE_ROOT; };
		FF32A5602040EEBE00F2F8C3 /* road1.png */ = {isa = PBXFileReference; lastKnownFileType = image.png; name = road1.png; path = CarGame/Road/road1.png; sourceTree = SOURCE_ROOT; };
		FF32A5612040EEBE00F2F8C3 /* road2.png */ = {isa = PBXFileReference; lastKnownFileType = image.png; name = road2.png; path = CarGame/Road/road2.png; sourceTree = SOURCE_ROOT; };
		FF32A5622040EEBE00F2F8C3 /* road8.png */ = {isa = PBXFileReference; lastKnownFileType = image.png; name = road8.png; path = CarGame/Road/road8.png; sourceTree = SOURCE_ROOT; };
		FF32A5632040EEBF00F2F8C3 /* road11.png */ = {isa = PBXFileReference; lastKnownFileType = image.png; name = road11.png; path = CarGame/Road/road11.png; sourceTree = SOURCE_ROOT; };
		FF32A5642040EEBF00F2F8C3 /* road13.png */ = {isa = PBXFileReference; lastKnownFileType = image.png; name = road13.png; path = CarGame/Road/road13.png; sourceTree = SOURCE_ROOT; };
		FF32A5652040EEBF00F2F8C3 /* road12.png */ = {isa = PBXFileReference; lastKnownFileType = image.png; name = road12.png; path = CarGame/Road/road12.png; sourceTree = SOURCE_ROOT; };
		FF32A5662040EEBF00F2F8C3 /* road16.png */ = {isa = PBXFileReference; lastKnownFileType = image.png; name = road16.png; path = CarGame/Road/road16.png; sourceTree = SOURCE_ROOT; };
		FF32A57D2041A4B100F2F8C3 /* DraggedCarView.swift */ = {isa = PBXFileReference; lastKnownFileType = sourcecode.swift; path = DraggedCarView.swift; sourceTree = "<group>"; };
		FF32A57F2041A8D300F2F8C3 /* car0.png */ = {isa = PBXFileReference; lastKnownFileType = image.png; name = car0.png; path = images/car0.png; sourceTree = SOURCE_ROOT; };
		FF32A58120422F7900F2F8C3 /* car4.png */ = {isa = PBXFileReference; lastKnownFileType = image.png; name = car4.png; path = "CarGame/obstacle cars/car4.png"; sourceTree = SOURCE_ROOT; };
		FF32A58220422F7900F2F8C3 /* car6.png */ = {isa = PBXFileReference; lastKnownFileType = image.png; name = car6.png; path = "CarGame/obstacle cars/car6.png"; sourceTree = SOURCE_ROOT; };
		FF32A58320422F7A00F2F8C3 /* car1.png */ = {isa = PBXFileReference; lastKnownFileType = image.png; name = car1.png; path = "CarGame/obstacle cars/car1.png"; sourceTree = SOURCE_ROOT; };
		FF32A58420422F7A00F2F8C3 /* car3.png */ = {isa = PBXFileReference; lastKnownFileType = image.png; name = car3.png; path = "CarGame/obstacle cars/car3.png"; sourceTree = SOURCE_ROOT; };
		FF32A58520422F7A00F2F8C3 /* car5.png */ = {isa = PBXFileReference; lastKnownFileType = image.png; name = car5.png; path = "CarGame/obstacle cars/car5.png"; sourceTree = SOURCE_ROOT; };
		FF32A58620422F7A00F2F8C3 /* car2.png */ = {isa = PBXFileReference; lastKnownFileType = image.png; name = car2.png; path = "CarGame/obstacle cars/car2.png"; sourceTree = SOURCE_ROOT; };
		FFA78A93204DD2280049ECC2 /* game_over.jpg */ = {isa = PBXFileReference; lastKnownFileType = image.jpeg; name = game_over.jpg; path = images/game_over.jpg; sourceTree = SOURCE_ROOT; };
/* End PBXFileReference section */

/* Begin PBXFrameworksBuildPhase section */
		FF32A53B2040E5D800F2F8C3 /* Frameworks */ = {
			isa = PBXFrameworksBuildPhase;
			buildActionMask = 2147483647;
			files = (
			);
			runOnlyForDeploymentPostprocessing = 0;
		};
/* End PBXFrameworksBuildPhase section */

/* Begin PBXGroup section */
		FF32A5352040E5D800F2F8C3 = {
			isa = PBXGroup;
			children = (
				FF32A5402040E5D800F2F8C3 /* CarGame */,
				FF32A53F2040E5D800F2F8C3 /* Products */,
			);
			sourceTree = "<group>";
		};
		FF32A53F2040E5D800F2F8C3 /* Products */ = {
			isa = PBXGroup;
			children = (
				FF32A53E2040E5D800F2F8C3 /* CarGame.app */,
			);
			name = Products;
			sourceTree = "<group>";
		};
		FF32A5402040E5D800F2F8C3 /* CarGame */ = {
			isa = PBXGroup;
			children = (
				FF32A5412040E5D800F2F8C3 /* AppDelegate.swift */,
				FF32A5432040E5D800F2F8C3 /* ViewController.swift */,
				FFA78A93204DD2280049ECC2 /* game_over.jpg */,
				FF32A57D2041A4B100F2F8C3 /* DraggedCarView.swift */,
				FF32A5452040E5D800F2F8C3 /* Main.storyboard */,
				FF32A58D20422F8A00F2F8C3 /* obstacle cars */,
				FF32A57B2040EED300F2F8C3 /* Road */,
				FF32A57F2041A8D300F2F8C3 /* car0.png */,
				FF32A5482040E5D800F2F8C3 /* Assets.xcassets */,
				FF32A54A2040E5D800F2F8C3 /* LaunchScreen.storyboard */,
				FF32A54D2040E5D800F2F8C3 /* Info.plist */,
			);
			path = CarGame;
			sourceTree = "<group>";
		};
		FF32A57B2040EED300F2F8C3 /* Road */ = {
			isa = PBXGroup;
			children = (
				FF32A5602040EEBE00F2F8C3 /* road1.png */,
				FF32A5612040EEBE00F2F8C3 /* road2.png */,
				FF32A5592040EEBD00F2F8C3 /* road3.png */,
				FF32A5542040EEBD00F2F8C3 /* road4.png */,
				FF32A55F2040EEBE00F2F8C3 /* road5.png */,
				FF32A5582040EEBD00F2F8C3 /* road6.png */,
				FF32A55A2040EEBD00F2F8C3 /* road7.png */,
				FF32A5622040EEBE00F2F8C3 /* road8.png */,
				FF32A5572040EEBD00F2F8C3 /* road9.png */,
				FF32A55B2040EEBE00F2F8C3 /* road10.png */,
				FF32A5632040EEBF00F2F8C3 /* road11.png */,
				FF32A5652040EEBF00F2F8C3 /* road12.png */,
				FF32A5642040EEBF00F2F8C3 /* road13.png */,
				FF32A55E2040EEBE00F2F8C3 /* road14.png */,
				FF32A5552040EEBD00F2F8C3 /* road15.png */,
				FF32A5662040EEBF00F2F8C3 /* road16.png */,
				FF32A5532040EEBD00F2F8C3 /* road17.png */,
				FF32A5562040EEBD00F2F8C3 /* road18.png */,
				FF32A55C2040EEBE00F2F8C3 /* road19.png */,
				FF32A55D2040EEBE00F2F8C3 /* road20.png */,
			);
			path = Road;
			sourceTree = "<group>";
		};
		FF32A58D20422F8A00F2F8C3 /* obstacle cars */ = {
			isa = PBXGroup;
			children = (
				FF32A58320422F7A00F2F8C3 /* car1.png */,
				FF32A58620422F7A00F2F8C3 /* car2.png */,
				FF32A58420422F7A00F2F8C3 /* car3.png */,
				FF32A58120422F7900F2F8C3 /* car4.png */,
				FF32A58520422F7A00F2F8C3 /* car5.png */,
				FF32A58220422F7900F2F8C3 /* car6.png */,
			);
			path = "obstacle cars";
			sourceTree = "<group>";
		};
/* End PBXGroup section */

/* Begin PBXNativeTarget section */
		FF32A53D2040E5D800F2F8C3 /* CarGame */ = {
			isa = PBXNativeTarget;
			buildConfigurationList = FF32A5502040E5D800F2F8C3 /* Build configuration list for PBXNativeTarget "CarGame" */;
			buildPhases = (
				FF32A53A2040E5D800F2F8C3 /* Sources */,
				FF32A53B2040E5D800F2F8C3 /* Frameworks */,
				FF32A53C2040E5D800F2F8C3 /* Resources */,
			);
			buildRules = (
			);
			dependencies = (
			);
			name = CarGame;
			productName = CarGame;
			productReference = FF32A53E2040E5D800F2F8C3 /* CarGame.app */;
			productType = "com.apple.product-type.application";
		};
/* End PBXNativeTarget section */

/* Begin PBXProject section */
		FF32A5362040E5D800F2F8C3 /* Project object */ = {
			isa = PBXProject;
			attributes = {
				LastSwiftUpdateCheck = 0920;
				LastUpgradeCheck = 0920;
				ORGANIZATIONNAME = Hamza;
				TargetAttributes = {
					FF32A53D2040E5D800F2F8C3 = {
						CreatedOnToolsVersion = 9.2;
						ProvisioningStyle = Automatic;
					};
				};
			};
			buildConfigurationList = FF32A5392040E5D800F2F8C3 /* Build configuration list for PBXProject "CarGame" */;
			compatibilityVersion = "Xcode 8.0";
			developmentRegion = en;
			hasScannedForEncodings = 0;
			knownRegions = (
				en,
				Base,
			);
			mainGroup = FF32A5352040E5D800F2F8C3;
			productRefGroup = FF32A53F2040E5D800F2F8C3 /* Products */;
			projectDirPath = "";
			projectRoot = "";
			targets = (
				FF32A53D2040E5D800F2F8C3 /* CarGame */,
			);
		};
/* End PBXProject section */

/* Begin PBXResourcesBuildPhase section */
		FF32A53C2040E5D800F2F8C3 /* Resources */ = {
			isa = PBXResourcesBuildPhase;
			buildActionMask = 2147483647;
			files = (
				FF32A5742040EEBF00F2F8C3 /* road1.png in Resources */,
				FF32A5772040EEBF00F2F8C3 /* road11.png in Resources */,
				FF32A58920422F7A00F2F8C3 /* car1.png in Resources */,
				FF32A56A2040EEBF00F2F8C3 /* road18.png in Resources */,
				FF32A57A2040EEBF00F2F8C3 /* road16.png in Resources */,
				FF32A54C2040E5D800F2F8C3 /* LaunchScreen.storyboard in Resources */,
				FF32A58820422F7A00F2F8C3 /* car6.png in Resources */,
				FF32A5792040EEBF00F2F8C3 /* road12.png in Resources */,
				FF32A5492040E5D800F2F8C3 /* Assets.xcassets in Resources */,
				FF32A5712040EEBF00F2F8C3 /* road20.png in Resources */,
				FF32A56C2040EEBF00F2F8C3 /* road6.png in Resources */,
				FF32A58C20422F7A00F2F8C3 /* car2.png in Resources */,
				FF32A5702040EEBF00F2F8C3 /* road19.png in Resources */,
				FF32A5722040EEBF00F2F8C3 /* road14.png in Resources */,
				FF32A5732040EEBF00F2F8C3 /* road5.png in Resources */,
				FF32A5762040EEBF00F2F8C3 /* road8.png in Resources */,
				FF32A56F2040EEBF00F2F8C3 /* road10.png in Resources */,
				FF32A56B2040EEBF00F2F8C3 /* road9.png in Resources */,
				FF32A56D2040EEBF00F2F8C3 /* road3.png in Resources */,
				FFA78A94204DD2280049ECC2 /* game_over.jpg in Resources */,
				FF32A58720422F7A00F2F8C3 /* car4.png in Resources */,
				FF32A5752040EEBF00F2F8C3 /* road2.png in Resources */,
				FF32A58B20422F7A00F2F8C3 /* car5.png in Resources */,
				FF32A58A20422F7A00F2F8C3 /* car3.png in Resources */,
				FF32A5802041A8D300F2F8C3 /* car0.png in Resources */,
				FF32A5472040E5D800F2F8C3 /* Main.storyboard in Resources */,
				FF32A56E2040EEBF00F2F8C3 /* road7.png in Resources */,
				FF32A5682040EEBF00F2F8C3 /* road4.png in Resources */,
				FF32A5672040EEBF00F2F8C3 /* road17.png in Resources */,
				FF32A5782040EEBF00F2F8C3 /* road13.png in Resources */,
				FF32A5692040EEBF00F2F8C3 /* road15.png in Resources */,
			);
			runOnlyForDeploymentPostprocessing = 0;
		};
/* End PBXResourcesBuildPhase section */

/* Begin PBXSourcesBuildPhase section */
		FF32A53A2040E5D800F2F8C3 /* Sources */ = {
			isa = PBXSourcesBuildPhase;
			buildActionMask = 2147483647;
			files = (
				FF32A5442040E5D800F2F8C3 /* ViewController.swift in Sources */,
				FF32A57E2041A4B100F2F8C3 /* DraggedCarView.swift in Sources */,
				FF32A5422040E5D800F2F8C3 /* AppDelegate.swift in Sources */,
			);
			runOnlyForDeploymentPostprocessing = 0;
		};
/* End PBXSourcesBuildPhase section */

/* Begin PBXVariantGroup section */
		FF32A5452040E5D800F2F8C3 /* Main.storyboard */ = {
			isa = PBXVariantGroup;
			children = (
				FF32A5462040E5D800F2F8C3 /* Base */,
			);
			name = Main.storyboard;
			sourceTree = "<group>";
		};
		FF32A54A2040E5D800F2F8C3 /* LaunchScreen.storyboard */ = {
			isa = PBXVariantGroup;
			children = (
				FF32A54B2040E5D800F2F8C3 /* Base */,
			);
			name = LaunchScreen.storyboard;
			sourceTree = "<group>";
		};
/* End PBXVariantGroup section */

/* Begin XCBuildConfiguration section */
		FF32A54E2040E5D800F2F8C3 /* Debug */ = {
			isa = XCBuildConfiguration;
			buildSettings = {
				ALWAYS_SEARCH_USER_PATHS = NO;
				CLANG_ANALYZER_NONNULL = YES;
				CLANG_ANALYZER_NUMBER_OBJECT_CONVERSION = YES_AGGRESSIVE;
				CLANG_CXX_LANGUAGE_STANDARD = "gnu++14";
				CLANG_CXX_LIBRARY = "libc++";
				CLANG_ENABLE_MODULES = YES;
				CLANG_ENABLE_OBJC_ARC = YES;
				CLANG_WARN_BLOCK_CAPTURE_AUTORELEASING = YES;
				CLANG_WARN_BOOL_CONVERSION = YES;
				CLANG_WARN_COMMA = YES;
				CLANG_WARN_CONSTANT_CONVERSION = YES;
				CLANG_WARN_DIRECT_OBJC_ISA_USAGE = YES_ERROR;
				CLANG_WARN_DOCUMENTATION_COMMENTS = YES;
				CLANG_WARN_EMPTY_BODY = YES;
				CLANG_WARN_ENUM_CONVERSION = YES;
				CLANG_WARN_INFINITE_RECURSION = YES;
				CLANG_WARN_INT_CONVERSION = YES;
				CLANG_WARN_NON_LITERAL_NULL_CONVERSION = YES;
				CLANG_WARN_OBJC_LITERAL_CONVERSION = YES;
				CLANG_WARN_OBJC_ROOT_CLASS = YES_ERROR;
				CLANG_WARN_RANGE_LOOP_ANALYSIS = YES;
				CLANG_WARN_STRICT_PROTOTYPES = YES;
				CLANG_WARN_SUSPICIOUS_MOVE = YES;
				CLANG_WARN_UNGUARDED_AVAILABILITY = YES_AGGRESSIVE;
				CLANG_WARN_UNREACHABLE_CODE = YES;
				CLANG_WARN__DUPLICATE_METHOD_MATCH = YES;
				CODE_SIGN_IDENTITY = "iPhone Developer";
				COPY_PHASE_STRIP = NO;
				DEBUG_INFORMATION_FORMAT = dwarf;
				ENABLE_STRICT_OBJC_MSGSEND = YES;
				ENABLE_TESTABILITY = YES;
				GCC_C_LANGUAGE_STANDARD = gnu11;
				GCC_DYNAMIC_NO_PIC = NO;
				GCC_NO_COMMON_BLOCKS = YES;
				GCC_OPTIMIZATION_LEVEL = 0;
				GCC_PREPROCESSOR_DEFINITIONS = (
					"DEBUG=1",
					"$(inherited)",
				);
				GCC_WARN_64_TO_32_BIT_CONVERSION = YES;
				GCC_WARN_ABOUT_RETURN_TYPE = YES_ERROR;
				GCC_WARN_UNDECLARED_SELECTOR = YES;
				GCC_WARN_UNINITIALIZED_AUTOS = YES_AGGRESSIVE;
				GCC_WARN_UNUSED_FUNCTION = YES;
				GCC_WARN_UNUSED_VARIABLE = YES;
				IPHONEOS_DEPLOYMENT_TARGET = 11.2;
				MTL_ENABLE_DEBUG_INFO = YES;
				ONLY_ACTIVE_ARCH = YES;
				SDKROOT = iphoneos;
				SWIFT_ACTIVE_COMPILATION_CONDITIONS = DEBUG;
				SWIFT_OPTIMIZATION_LEVEL = "-Onone";
			};
			name = Debug;
		};
		FF32A54F2040E5D800F2F8C3 /* Release */ = {
			isa = XCBuildConfiguration;
			buildSettings = {
				ALWAYS_SEARCH_USER_PATHS = NO;
				CLANG_ANALYZER_NONNULL = YES;
				CLANG_ANALYZER_NUMBER_OBJECT_CONVERSION = YES_AGGRESSIVE;
				CLANG_CXX_LANGUAGE_STANDARD = "gnu++14";
				CLANG_CXX_LIBRARY = "libc++";
				CLANG_ENABLE_MODULES = YES;
				CLANG_ENABLE_OBJC_ARC = YES;
				CLANG_WARN_BLOCK_CAPTURE_AUTORELEASING = YES;
				CLANG_WARN_BOOL_CONVERSION = YES;
				CLANG_WARN_COMMA = YES;
				CLANG_WARN_CONSTANT_CONVERSION = YES;
				CLANG_WARN_DIRECT_OBJC_ISA_USAGE = YES_ERROR;
				CLANG_WARN_DOCUMENTATION_COMMENTS = YES;
				CLANG_WARN_EMPTY_BODY = YES;
				CLANG_WARN_ENUM_CONVERSION = YES;
				CLANG_WARN_INFINITE_RECURSION = YES;
				CLANG_WARN_INT_CONVERSION = YES;
				CLANG_WARN_NON_LITERAL_NULL_CONVERSION = YES;
				CLANG_WARN_OBJC_LITERAL_CONVERSION = YES;
				CLANG_WARN_OBJC_ROOT_CLASS = YES_ERROR;
				CLANG_WARN_RANGE_LOOP_ANALYSIS = YES;
				CLANG_WARN_STRICT_PROTOTYPES = YES;
				CLANG_WARN_SUSPICIOUS_MOVE = YES;
				CLANG_WARN_UNGUARDED_AVAILABILITY = YES_AGGRESSIVE;
				CLANG_WARN_UNREACHABLE_CODE = YES;
				CLANG_WARN__DUPLICATE_METHOD_MATCH = YES;
				CODE_SIGN_IDENTITY = "iPhone Developer";
				COPY_PHASE_STRIP = NO;
				DEBUG_INFORMATION_FORMAT = "dwarf-with-dsym";
				ENABLE_NS_ASSERTIONS = NO;
				ENABLE_STRICT_OBJC_MSGSEND = YES;
				GCC_C_LANGUAGE_STANDARD = gnu11;
				GCC_NO_COMMON_BLOCKS = YES;
				GCC_WARN_64_TO_32_BIT_CONVERSION = YES;
				GCC_WARN_ABOUT_RETURN_TYPE = YES_ERROR;
				GCC_WARN_UNDECLARED_SELECTOR = YES;
				GCC_WARN_UNINITIALIZED_AUTOS = YES_AGGRESSIVE;
				GCC_WARN_UNUSED_FUNCTION = YES;
				GCC_WARN_UNUSED_VARIABLE = YES;
				IPHONEOS_DEPLOYMENT_TARGET = 11.2;
				MTL_ENABLE_DEBUG_INFO = NO;
				SDKROOT = iphoneos;
				SWIFT_OPTIMIZATION_LEVEL = "-Owholemodule";
				VALIDATE_PRODUCT = YES;
			};
			name = Release;
		};
		FF32A5512040E5D800F2F8C3 /* Debug */ = {
			isa = XCBuildConfiguration;
			buildSettings = {
				ASSETCATALOG_COMPILER_APPICON_NAME = AppIcon;
				CODE_SIGN_STYLE = Automatic;
				INFOPLIST_FILE = CarGame/Info.plist;
				LD_RUNPATH_SEARCH_PATHS = "$(inherited) @executable_path/Frameworks";
				PRODUCT_BUNDLE_IDENTIFIER = com.test.CarGame;
				PRODUCT_NAME = "$(TARGET_NAME)";
				SWIFT_VERSION = 4.0;
				TARGETED_DEVICE_FAMILY = "1,2";
			};
			name = Debug;
		};
		FF32A5522040E5D800F2F8C3 /* Release */ = {
			isa = XCBuildConfiguration;
			buildSettings = {
				ASSETCATALOG_COMPILER_APPICON_NAME = AppIcon;
				CODE_SIGN_STYLE = Automatic;
				INFOPLIST_FILE = CarGame/Info.plist;
				LD_RUNPATH_SEARCH_PATHS = "$(inherited) @executable_path/Frameworks";
				PRODUCT_BUNDLE_IDENTIFIER = com.test.CarGame;
				PRODUCT_NAME = "$(TARGET_NAME)";
				SWIFT_VERSION = 4.0;
				TARGETED_DEVICE_FAMILY = "1,2";
			};
			name = Release;
		};
/* End XCBuildConfiguration section */

/* Begin XCConfigurationList section */
		FF32A5392040E5D800F2F8C3 /* Build configuration list for PBXProject "CarGame" */ = {
			isa = XCConfigurationList;
			buildConfigurations = (
				FF32A54E2040E5D800F2F8C3 /* Debug */,
				FF32A54F2040E5D800F2F8C3 /* Release */,
			);
			defaultConfigurationIsVisible = 0;
			defaultConfigurationName = Release;
		};
		FF32A5502040E5D800F2F8C3 /* Build configuration list for PBXNativeTarget "CarGame" */ = {
			isa = XCConfigurationList;
			buildConfigurations = (
				FF32A5512040E5D800F2F8C3 /* Debug */,
				FF32A5522040E5D800F2F8C3 /* Release */,
			);
			defaultConfigurationIsVisible = 0;
			defaultConfigurationName = Release;
		};
/* End XCConfigurationList section */
	};
	rootObject = FF32A5362040E5D800F2F8C3 /* Project object */;
}
